
Microsoft Visual Studio Solution File, Format Version 12.00
# Visual Studio Version 16
VisualStudioVersion = 16.0.29306.81
MinimumVisualStudioVersion = 10.0.40219.1
Project("{2150E333-8FDC-42A3-9474-1A3956D46DE8}") = "src", "src", "{E2B006AF-3179-4D70-8EBF-24AC45BCF166}"
EndProject
Project("{9A19103F-16F7-4668-BE54-9A1E7A4F7556}") = "Zorg320.DMS.API.Write", "Zorg320.DMS.API.Write\Zorg320.DMS.API.Write.csproj", "{ECFDA0A0-64ED-434A-A10B-F56540FAA2B5}"
EndProject
Project("{E53339B2-1760-4266-BCC7-CA923CBCF16C}") = "docker-compose", "docker-compose.dcproj", "{53DEC392-09B5-4C27-ACDC-65B1DAED386F}"
EndProject
Project("{9A19103F-16F7-4668-BE54-9A1E7A4F7556}") = "Zorg320.DMS.Gateway", "Zorg320.DMS.Gateway\Zorg320.DMS.Gateway.csproj", "{D9027F3E-3ACF-4944-B040-93EFB156ABE6}"
EndProject
Project("{2150E333-8FDC-42A3-9474-1A3956D46DE8}") = "Domain", "Domain", "{0394D994-0B4C-4F86-874D-72F983120708}"
EndProject
Project("{9A19103F-16F7-4668-BE54-9A1E7A4F7556}") = "Zorg320.DMS", "..\Zorg320.DMS.Domain\Zorg320.DMS.csproj", "{44879181-71BF-4447-B459-35A96334BC47}"
EndProject
Project("{2150E333-8FDC-42A3-9474-1A3956D46DE8}") = "tests", "tests", "{51E24C01-2362-4E8E-9243-29FB5EFD9D2E}"
EndProject
Project("{9A19103F-16F7-4668-BE54-9A1E7A4F7556}") = "Zorg320.DMS.Test", "..\Zorg320.DMS.Test\Zorg320.DMS.Test.csproj", "{2DC19678-6A51-44C6-9F34-1B0244CD1B86}"
EndProject
Global
	GlobalSection(SolutionConfigurationPlatforms) = preSolution
		Debug|Any CPU = Debug|Any CPU
		Release|Any CPU = Release|Any CPU
	EndGlobalSection
	GlobalSection(ProjectConfigurationPlatforms) = postSolution
		{ECFDA0A0-64ED-434A-A10B-F56540FAA2B5}.Debug|Any CPU.ActiveCfg = Debug|Any CPU
		{ECFDA0A0-64ED-434A-A10B-F56540FAA2B5}.Debug|Any CPU.Build.0 = Debug|Any CPU
		{ECFDA0A0-64ED-434A-A10B-F56540FAA2B5}.Release|Any CPU.ActiveCfg = Release|Any CPU
		{ECFDA0A0-64ED-434A-A10B-F56540FAA2B5}.Release|Any CPU.Build.0 = Release|Any CPU
		{53DEC392-09B5-4C27-ACDC-65B1DAED386F}.Debug|Any CPU.ActiveCfg = Debug|Any CPU
		{53DEC392-09B5-4C27-ACDC-65B1DAED386F}.Debug|Any CPU.Build.0 = Debug|Any CPU
		{53DEC392-09B5-4C27-ACDC-65B1DAED386F}.Release|Any CPU.ActiveCfg = Release|Any CPU
		{53DEC392-09B5-4C27-ACDC-65B1DAED386F}.Release|Any CPU.Build.0 = Release|Any CPU
		{D9027F3E-3ACF-4944-B040-93EFB156ABE6}.Debug|Any CPU.ActiveCfg = Debug|Any CPU
		{D9027F3E-3ACF-4944-B040-93EFB156ABE6}.Debug|Any CPU.Build.0 = Debug|Any CPU
		{D9027F3E-3ACF-4944-B040-93EFB156ABE6}.Release|Any CPU.ActiveCfg = Release|Any CPU
		{D9027F3E-3ACF-4944-B040-93EFB156ABE6}.Release|Any CPU.Build.0 = Release|Any CPU
		{44879181-71BF-4447-B459-35A96334BC47}.Debug|Any CPU.ActiveCfg = Debug|Any CPU
		{44879181-71BF-4447-B459-35A96334BC47}.Debug|Any CPU.Build.0 = Debug|Any CPU
		{44879181-71BF-4447-B459-35A96334BC47}.Release|Any CPU.ActiveCfg = Release|Any CPU
		{44879181-71BF-4447-B459-35A96334BC47}.Release|Any CPU.Build.0 = Release|Any CPU
		{2DC19678-6A51-44C6-9F34-1B0244CD1B86}.Debug|Any CPU.ActiveCfg = Debug|Any CPU
		{2DC19678-6A51-44C6-9F34-1B0244CD1B86}.Debug|Any CPU.Build.0 = Debug|Any CPU
		{2DC19678-6A51-44C6-9F34-1B0244CD1B86}.Release|Any CPU.ActiveCfg = Release|Any CPU
		{2DC19678-6A51-44C6-9F34-1B0244CD1B86}.Release|Any CPU.Build.0 = Release|Any CPU
	EndGlobalSection
	GlobalSection(SolutionProperties) = preSolution
		HideSolutionNode = FALSE
	EndGlobalSection
	GlobalSection(NestedProjects) = preSolution
		{ECFDA0A0-64ED-434A-A10B-F56540FAA2B5} = {E2B006AF-3179-4D70-8EBF-24AC45BCF166}
		{D9027F3E-3ACF-4944-B040-93EFB156ABE6} = {E2B006AF-3179-4D70-8EBF-24AC45BCF166}
		{0394D994-0B4C-4F86-874D-72F983120708} = {E2B006AF-3179-4D70-8EBF-24AC45BCF166}
		{44879181-71BF-4447-B459-35A96334BC47} = {0394D994-0B4C-4F86-874D-72F983120708}
		{51E24C01-2362-4E8E-9243-29FB5EFD9D2E} = {E2B006AF-3179-4D70-8EBF-24AC45BCF166}
		{2DC19678-6A51-44C6-9F34-1B0244CD1B86} = {51E24C01-2362-4E8E-9243-29FB5EFD9D2E}
	EndGlobalSection
	GlobalSection(ExtensibilityGlobals) = postSolution
		SolutionGuid = {FC175D6D-4F64-4E7F-A511-A823A4169659}
	EndGlobalSection
EndGlobal
